PODS:
  - Alamofire (5.6.2)
  - CocoaLumberjack (3.7.4):
    - CocoaLumberjack/Core (= 3.7.4)
  - CocoaLumberjack/Core (3.7.4)
  - SVGKit (2.1.0):
    - CocoaLumberjack (~> 3.0)
  - SwiftyJSON (4.3.0)

DEPENDENCIES:
  - Alamofire
  - SVGKit (from `https://github.com/SVGKit/SVGKit.git`, branch `2.x`)
  - SwiftyJSON (~> 4.0)

SPEC REPOS:
  trunk:
    - Alamofire
    - CocoaLumberjack
    - SwiftyJSON

EXTERNAL SOURCES:
  SVGKit:
    :branch: 2.x
    :git: https://github.com/SVGKit/SVGKit.git

CHECKOUT OPTIONS:
  SVGKit:
    :commit: c40671b9a264f8f71831c4e0452736debfae2164
    :git: https://github.com/SVGKit/SVGKit.git

SPEC CHECKSUMS:
  Alamofire: d368e1ff8a298e6dde360e35a3e68e6c610e7204
  CocoaLumberjack: 543c79c114dadc3b1aba95641d8738b06b05b646
  SVGKit: 8a2fc74258bdb2abb54d3b65f3dd68b0277a9c4d
  SwiftyJSON: 6faa0040f8b59dead0ee07436cbf76b73c08fd08

PODFILE CHECKSUM: 9f3d413071d8be998596da91c854148d5af640c5

COCOAPODS: 1.11.3
